// !$*UTF8*$!
{
	archiveVersion = 1;
	classes = {
	};
	objectVersion = 50;
	objects = {

/* Begin PBXBuildFile section */
		8A5528C3211B324700F7E933 /* LaunchScreen.storyboard in Resources */ = {isa = PBXBuildFile; fileRef = 8A5528C2211B324700F7E933 /* LaunchScreen.storyboard */; };
		8A5528C5211B330000F7E933 /* ap_logo.png in Resources */ = {isa = PBXBuildFile; fileRef = 8A5528C4211B330000F7E933 /* ap_logo.png */; };
		8A8334DD21006C00007200B0 /* AppDelegate.m in Sources */ = {isa = PBXBuildFile; fileRef = 8A8334DC21006C00007200B0 /* AppDelegate.m */; };
		8A8334E521006C01007200B0 /* Assets.xcassets in Resources */ = {isa = PBXBuildFile; fileRef = 8A8334E421006C01007200B0 /* Assets.xcassets */; };
		8A8334EB21006C01007200B0 /* main.m in Sources */ = {isa = PBXBuildFile; fileRef = 8A8334EA21006C01007200B0 /* main.m */; };
		8A83351621006CD2007200B0 /* bg.jpg in Resources */ = {isa = PBXBuildFile; fileRef = 8A8334F521006CD2007200B0 /* bg.jpg */; };
		8A83351721006CD2007200B0 /* MainViewController.m in Sources */ = {isa = PBXBuildFile; fileRef = 8A8334F921006CD2007200B0 /* MainViewController.m */; };
		8A83351821006CD2007200B0 /* MainViewController.xib in Resources */ = {isa = PBXBuildFile; fileRef = 8A8334FA21006CD2007200B0 /* MainViewController.xib */; };
		8A83352621006DCC007200B0 /* MessageUI.framework in Frameworks */ = {isa = PBXBuildFile; fileRef = 8A83352521006DCC007200B0 /* MessageUI.framework */; };
		8A83352821006DD4007200B0 /* SystemConfiguration.framework in Frameworks */ = {isa = PBXBuildFile; fileRef = 8A83352721006DD4007200B0 /* SystemConfiguration.framework */; };
		8A83352A21006DDA007200B0 /* MobileCoreServices.framework in Frameworks */ = {isa = PBXBuildFile; fileRef = 8A83352921006DDA007200B0 /* MobileCoreServices.framework */; };
		8A9A52D0212D1C6D0097A25C /* MediaPlayer.framework in Frameworks */ = {isa = PBXBuildFile; fileRef = 8A9A52CF212D1C6D0097A25C /* MediaPlayer.framework */; };
		8AB17D99239FCD6D0057AED5 /* AuthenticationServices.framework in Frameworks */ = {isa = PBXBuildFile; fileRef = 8AB17D98239FCD6D0057AED5 /* AuthenticationServices.framework */; };
		CE2D707B2542CBE400499913 /* GoogleService-Info.plist in Resources */ = {isa = PBXBuildFile; fileRef = CE2D707A2542CBE400499913 /* GoogleService-Info.plist */; };
		CE6BF94927CC85FA008EC577 /* GameSDKResource.bundle in Resources */ = {isa = PBXBuildFile; fileRef = CE6BF93A27CC85FA008EC577 /* GameSDKResource.bundle */; };
		CE6BF94A27CC85FA008EC577 /* libGameSDK.a in Frameworks */ = {isa = PBXBuildFile; fileRef = CE6BF94827CC85FA008EC577 /* libGameSDK.a */; };
		CE6BF9D427CDFEFB008EC577 /* FBSDKCoreKit.framework in Frameworks */ = {isa = PBXBuildFile; fileRef = CE6BF9CF27CDFEFB008EC577 /* FBSDKCoreKit.framework */; };
		CE6BF9D527CDFEFB008EC577 /* FBSDKCoreKit_Basics.framework in Frameworks */ = {isa = PBXBuildFile; fileRef = CE6BF9D027CDFEFB008EC577 /* FBSDKCoreKit_Basics.framework */; };
		CE6BF9D627CDFEFB008EC577 /* FBSDKShareKit.framework in Frameworks */ = {isa = PBXBuildFile; fileRef = CE6BF9D127CDFEFB008EC577 /* FBSDKShareKit.framework */; };
		CE6BF9D827CDFEFB008EC577 /* FBSDKLoginKit.framework in Frameworks */ = {isa = PBXBuildFile; fileRef = CE6BF9D327CDFEFB008EC577 /* FBSDKLoginKit.framework */; };
		CE6BF9EE27CE04DD008EC577 /* FirebaseCoreDiagnostics.framework in Frameworks */ = {isa = PBXBuildFile; fileRef = CE6BF9EA27CE04DC008EC577 /* FirebaseCoreDiagnostics.framework */; };
		CE6BF9EF27CE04DD008EC577 /* FirebaseAnalytics.framework in Frameworks */ = {isa = PBXBuildFile; fileRef = CE6BF9EB27CE04DD008EC577 /* FirebaseAnalytics.framework */; };
		CE6BF9F127CE04DD008EC577 /* FirebaseInstallations.framework in Frameworks */ = {isa = PBXBuildFile; fileRef = CE6BF9ED27CE04DD008EC577 /* FirebaseInstallations.framework */; };
		CE6BF9F327CE05CA008EC577 /* FBSDKCoreKit_Basics.framework in Embed Frameworks */ = {isa = PBXBuildFile; fileRef = CE6BF9D027CDFEFB008EC577 /* FBSDKCoreKit_Basics.framework */; settings = {ATTRIBUTES = (CodeSignOnCopy, RemoveHeadersOnCopy, ); }; };
		CE6BF9F427CE05CA008EC577 /* FBSDKCoreKit.framework in Embed Frameworks */ = {isa = PBXBuildFile; fileRef = CE6BF9CF27CDFEFB008EC577 /* FBSDKCoreKit.framework */; settings = {ATTRIBUTES = (CodeSignOnCopy, RemoveHeadersOnCopy, ); }; };
		CE6BF9F527CE05CA008EC577 /* FBSDKLoginKit.framework in Embed Frameworks */ = {isa = PBXBuildFile; fileRef = CE6BF9D327CDFEFB008EC577 /* FBSDKLoginKit.framework */; settings = {ATTRIBUTES = (CodeSignOnCopy, RemoveHeadersOnCopy, ); }; };
		CE6BF9F627CE05CA008EC577 /* FBSDKShareKit.framework in Embed Frameworks */ = {isa = PBXBuildFile; fileRef = CE6BF9D127CDFEFB008EC577 /* FBSDKShareKit.framework */; settings = {ATTRIBUTES = (CodeSignOnCopy, RemoveHeadersOnCopy, ); }; };
		CE78DDB6276846EA00E24B54 /* GoogleDataTransport.framework in Frameworks */ = {isa = PBXBuildFile; fileRef = CE78DDA1276846E900E24B54 /* GoogleDataTransport.framework */; };
		CE78DDB8276846EA00E24B54 /* GoogleAppMeasurement.framework in Frameworks */ = {isa = PBXBuildFile; fileRef = CE78DDA3276846E900E24B54 /* GoogleAppMeasurement.framework */; };
		CE78DDB9276846EA00E24B54 /* GTMSessionFetcher.framework in Frameworks */ = {isa = PBXBuildFile; fileRef = CE78DDA4276846E900E24B54 /* GTMSessionFetcher.framework */; };
		CE78DDBA276846EA00E24B54 /* GTMAppAuth.framework in Frameworks */ = {isa = PBXBuildFile; fileRef = CE78DDA5276846E900E24B54 /* GTMAppAuth.framework */; };
		CE78DDBB276846EA00E24B54 /* FirebaseCore.framework in Frameworks */ = {isa = PBXBuildFile; fileRef = CE78DDA6276846E900E24B54 /* FirebaseCore.framework */; };
		CE78DDBC276846EA00E24B54 /* AppAuth.framework in Frameworks */ = {isa = PBXBuildFile; fileRef = CE78DDA7276846E900E24B54 /* AppAuth.framework */; };
		CE78DDBD276846EA00E24B54 /* FirebaseAnalytics.framework in Frameworks */ = {isa = PBXBuildFile; fileRef = CE78DDA8276846E900E24B54 /* FirebaseAnalytics.framework */; };
		CE78DDBE276846EA00E24B54 /* GoogleUtilities.framework in Frameworks */ = {isa = PBXBuildFile; fileRef = CE78DDAA276846E900E24B54 /* GoogleUtilities.framework */; };
		CE78DDBF276846EA00E24B54 /* FirebaseMessaging.framework in Frameworks */ = {isa = PBXBuildFile; fileRef = CE78DDAB276846E900E24B54 /* FirebaseMessaging.framework */; };
		CE78DDC0276846EA00E24B54 /* PromisesObjC.framework in Frameworks */ = {isa = PBXBuildFile; fileRef = CE78DDAC276846E900E24B54 /* PromisesObjC.framework */; };
		CE78DDC1276846EA00E24B54 /* GoogleSignIn.bundle in Resources */ = {isa = PBXBuildFile; fileRef = CE78DDAD276846E900E24B54 /* GoogleSignIn.bundle */; };
		CE78DDC2276846EA00E24B54 /* nanopb.framework in Frameworks */ = {isa = PBXBuildFile; fileRef = CE78DDAE276846E900E24B54 /* nanopb.framework */; };
		CE78DDC4276846EA00E24B54 /* FirebaseInstallations.framework in Frameworks */ = {isa = PBXBuildFile; fileRef = CE78DDB0276846EA00E24B54 /* FirebaseInstallations.framework */; };
		CE78DDC5276846EA00E24B54 /* GoogleSignIn.framework in Frameworks */ = {isa = PBXBuildFile; fileRef = CE78DDB1276846EA00E24B54 /* GoogleSignIn.framework */; };
		CE78DDC6276846EA00E24B54 /* GoogleAppMeasurementIdentitySupport.framework in Frameworks */ = {isa = PBXBuildFile; fileRef = CE78DDB2276846EA00E24B54 /* GoogleAppMeasurementIdentitySupport.framework */; };
		CE78DDC8276846EA00E24B54 /* FirebaseCoreDiagnostics.framework in Frameworks */ = {isa = PBXBuildFile; fileRef = CE78DDB4276846EA00E24B54 /* FirebaseCoreDiagnostics.framework */; };
		CE78DDCA2768470500E24B54 /* AppsFlyerLib.framework in Frameworks */ = {isa = PBXBuildFile; fileRef = CE78DDC92768470500E24B54 /* AppsFlyerLib.framework */; };
/* End PBXBuildFile section */

/* Begin PBXContainerItemProxy section */
		CE6BF9FC27CE0CC4008EC577 /* PBXContainerItemProxy */ = {
			isa = PBXContainerItemProxy;
			containerPortal = CE6BF9F727CE0CC4008EC577 /* GameSDK.xcodeproj */;
			proxyType = 2;
			remoteGlobalIDString = CE14FD2B272BA60C000D21F6;
			remoteInfo = GameSDK;
		};
		CE6BF9FE27CE0CC4008EC577 /* PBXContainerItemProxy */ = {
			isa = PBXContainerItemProxy;
			containerPortal = CE6BF9F727CE0CC4008EC577 /* GameSDK.xcodeproj */;
			proxyType = 2;
			remoteGlobalIDString = CE14FDDF272C000A000D21F6;
			remoteInfo = GameSDKResource;
		};
/* End PBXContainerItemProxy section */

/* Begin PBXCopyFilesBuildPhase section */
		CE82110F26A7C17700729078 /* Embed Frameworks */ = {
			isa = PBXCopyFilesBuildPhase;
			buildActionMask = 2147483647;
			dstPath = "";
			dstSubfolderSpec = 10;
			files = (
				CE6BF9F327CE05CA008EC577 /* FBSDKCoreKit_Basics.framework in Embed Frameworks */,
				CE6BF9F427CE05CA008EC577 /* FBSDKCoreKit.framework in Embed Frameworks */,
				CE6BF9F527CE05CA008EC577 /* FBSDKLoginKit.framework in Embed Frameworks */,
				CE6BF9F627CE05CA008EC577 /* FBSDKShareKit.framework in Embed Frameworks */,
			);
			name = "Embed Frameworks";
			runOnlyForDeploymentPostprocessing = 0;
		};
/* End PBXCopyFilesBuildPhase section */

/* Begin PBXFileReference section */
		8A5528C2211B324700F7E933 /* LaunchScreen.storyboard */ = {isa = PBXFileReference; fileEncoding = 4; lastKnownFileType = file.storyboard; path = LaunchScreen.storyboard; sourceTree = "<group>"; };
		8A5528C4211B330000F7E933 /* ap_logo.png */ = {isa = PBXFileReference; lastKnownFileType = image.png; path = ap_logo.png; sourceTree = "<group>"; };
		8A8334D821006C00007200B0 /* TienKiemMobile.app */ = {isa = PBXFileReference; explicitFileType = wrapper.application; includeInIndex = 0; path = TienKiemMobile.app; sourceTree = BUILT_PRODUCTS_DIR; };
		8A8334DB21006C00007200B0 /* AppDelegate.h */ = {isa = PBXFileReference; lastKnownFileType = sourcecode.c.h; path = AppDelegate.h; sourceTree = "<group>"; };
		8A8334DC21006C00007200B0 /* AppDelegate.m */ = {isa = PBXFileReference; lastKnownFileType = sourcecode.c.objc; path = AppDelegate.m; sourceTree = "<group>"; };
		8A8334E421006C01007200B0 /* Assets.xcassets */ = {isa = PBXFileReference; lastKnownFileType = folder.assetcatalog; path = Assets.xcassets; sourceTree = "<group>"; };
		8A8334E921006C01007200B0 /* Info.plist */ = {isa = PBXFileReference; lastKnownFileType = text.plist.xml; path = Info.plist; sourceTree = "<group>"; };
		8A8334EA21006C01007200B0 /* main.m */ = {isa = PBXFileReference; lastKnownFileType = sourcecode.c.objc; path = main.m; sourceTree = "<group>"; };
		8A8334F521006CD2007200B0 /* bg.jpg */ = {isa = PBXFileReference; lastKnownFileType = image.jpeg; path = bg.jpg; sourceTree = "<group>"; };
		8A8334F821006CD2007200B0 /* MainViewController.h */ = {isa = PBXFileReference; fileEncoding = 4; lastKnownFileType = sourcecode.c.h; path = MainViewController.h; sourceTree = "<group>"; };
		8A8334F921006CD2007200B0 /* MainViewController.m */ = {isa = PBXFileReference; fileEncoding = 4; lastKnownFileType = sourcecode.c.objc; path = MainViewController.m; sourceTree = "<group>"; };
		8A8334FA21006CD2007200B0 /* MainViewController.xib */ = {isa = PBXFileReference; fileEncoding = 4; lastKnownFileType = file.xib; path = MainViewController.xib; sourceTree = "<group>"; };
		8A83352521006DCC007200B0 /* MessageUI.framework */ = {isa = PBXFileReference; lastKnownFileType = wrapper.framework; name = MessageUI.framework; path = System/Library/Frameworks/MessageUI.framework; sourceTree = SDKROOT; };
		8A83352721006DD4007200B0 /* SystemConfiguration.framework */ = {isa = PBXFileReference; lastKnownFileType = wrapper.framework; name = SystemConfiguration.framework; path = System/Library/Frameworks/SystemConfiguration.framework; sourceTree = SDKROOT; };
		8A83352921006DDA007200B0 /* MobileCoreServices.framework */ = {isa = PBXFileReference; lastKnownFileType = wrapper.framework; name = MobileCoreServices.framework; path = System/Library/Frameworks/MobileCoreServices.framework; sourceTree = SDKROOT; };
		8A97A1BF233F03C20025F418 /* DemoSDK_AppStore.entitlements */ = {isa = PBXFileReference; lastKnownFileType = text.plist.entitlements; path = DemoSDK_AppStore.entitlements; sourceTree = "<group>"; };
		8A9A52CF212D1C6D0097A25C /* MediaPlayer.framework */ = {isa = PBXFileReference; lastKnownFileType = wrapper.framework; name = MediaPlayer.framework; path = System/Library/Frameworks/MediaPlayer.framework; sourceTree = SDKROOT; };
		8AB17D98239FCD6D0057AED5 /* AuthenticationServices.framework */ = {isa = PBXFileReference; lastKnownFileType = wrapper.framework; name = AuthenticationServices.framework; path = System/Library/Frameworks/AuthenticationServices.framework; sourceTree = SDKROOT; };
		CE2D707A2542CBE400499913 /* GoogleService-Info.plist */ = {isa = PBXFileReference; fileEncoding = 4; lastKnownFileType = text.plist.xml; path = "GoogleService-Info.plist"; sourceTree = "<group>"; };
		CE6BF93A27CC85FA008EC577 /* GameSDKResource.bundle */ = {isa = PBXFileReference; lastKnownFileType = "wrapper.plug-in"; name = GameSDKResource.bundle; path = "../../../../../../../../../../Library/Developer/Xcode/DerivedData/DemoSDK_AppStore-bfkazezjniwayggdizxewafkgvru/Build/Products/Debug-iphoneos/GameSDKResource.bundle"; sourceTree = "<group>"; };
		CE6BF93D27CC85FA008EC577 /* FirebaseManager.h */ = {isa = PBXFileReference; fileEncoding = 4; lastKnownFileType = sourcecode.c.h; path = FirebaseManager.h; sourceTree = "<group>"; };
		CE6BF93E27CC85FA008EC577 /* GameSDK.h */ = {isa = PBXFileReference; fileEncoding = 4; lastKnownFileType = sourcecode.c.h; path = GameSDK.h; sourceTree = "<group>"; };
		CE6BF93F27CC85FA008EC577 /* LoginDelegate.h */ = {isa = PBXFileReference; fileEncoding = 4; lastKnownFileType = sourcecode.c.h; path = LoginDelegate.h; sourceTree = "<group>"; };
		CE6BF94027CC85FA008EC577 /* IdAppTracking.h */ = {isa = PBXFileReference; fileEncoding = 4; lastKnownFileType = sourcecode.c.h; path = IdAppTracking.h; sourceTree = "<group>"; };
		CE6BF94127CC85FA008EC577 /* UserProfileResponse.h */ = {isa = PBXFileReference; fileEncoding = 4; lastKnownFileType = sourcecode.c.h; path = UserProfileResponse.h; sourceTree = "<group>"; };
		CE6BF94227CC85FA008EC577 /* IAPDataRequest.h */ = {isa = PBXFileReference; fileEncoding = 4; lastKnownFileType = sourcecode.c.h; path = IAPDataRequest.h; sourceTree = "<group>"; };
		CE6BF94327CC85FA008EC577 /* FacebookManager.h */ = {isa = PBXFileReference; fileEncoding = 4; lastKnownFileType = sourcecode.c.h; path = FacebookManager.h; sourceTree = "<group>"; };
		CE6BF94427CC85FA008EC577 /* GameInfo.h */ = {isa = PBXFileReference; fileEncoding = 4; lastKnownFileType = sourcecode.c.h; path = GameInfo.h; sourceTree = "<group>"; };
		CE6BF94527CC85FA008EC577 /* AppsflyerManager.h */ = {isa = PBXFileReference; fileEncoding = 4; lastKnownFileType = sourcecode.c.h; path = AppsflyerManager.h; sourceTree = "<group>"; };
		CE6BF94627CC85FA008EC577 /* IAPDelegate.h */ = {isa = PBXFileReference; fileEncoding = 4; lastKnownFileType = sourcecode.c.h; path = IAPDelegate.h; sourceTree = "<group>"; };
		CE6BF94727CC85FA008EC577 /* AppleIAP.h */ = {isa = PBXFileReference; fileEncoding = 4; lastKnownFileType = sourcecode.c.h; path = AppleIAP.h; sourceTree = "<group>"; };
		CE6BF94827CC85FA008EC577 /* libGameSDK.a */ = {isa = PBXFileReference; lastKnownFileType = archive.ar; name = libGameSDK.a; path = "../../../../../../../../../../Library/Developer/Xcode/DerivedData/DemoSDK_AppStore-bfkazezjniwayggdizxewafkgvru/Build/Products/Debug-iphoneos/libGameSDK.a"; sourceTree = "<group>"; };
		CE6BF9CF27CDFEFB008EC577 /* FBSDKCoreKit.framework */ = {isa = PBXFileReference; lastKnownFileType = wrapper.framework; path = FBSDKCoreKit.framework; sourceTree = "<group>"; };
		CE6BF9D027CDFEFB008EC577 /* FBSDKCoreKit_Basics.framework */ = {isa = PBXFileReference; lastKnownFileType = wrapper.framework; path = FBSDKCoreKit_Basics.framework; sourceTree = "<group>"; };
		CE6BF9D127CDFEFB008EC577 /* FBSDKShareKit.framework */ = {isa = PBXFileReference; lastKnownFileType = wrapper.framework; path = FBSDKShareKit.framework; sourceTree = "<group>"; };
		CE6BF9D327CDFEFB008EC577 /* FBSDKLoginKit.framework */ = {isa = PBXFileReference; lastKnownFileType = wrapper.framework; path = FBSDKLoginKit.framework; sourceTree = "<group>"; };
		CE6BF9EA27CE04DC008EC577 /* FirebaseCoreDiagnostics.framework */ = {isa = PBXFileReference; lastKnownFileType = wrapper.framework; path = FirebaseCoreDiagnostics.framework; sourceTree = "<group>"; };
		CE6BF9EB27CE04DD008EC577 /* FirebaseAnalytics.framework */ = {isa = PBXFileReference; lastKnownFileType = wrapper.framework; path = FirebaseAnalytics.framework; sourceTree = "<group>"; };
		CE6BF9EC27CE04DD008EC577 /* FirebaseCore.framework */ = {isa = PBXFileReference; lastKnownFileType = wrapper.framework; path = FirebaseCore.framework; sourceTree = "<group>"; };
		CE6BF9ED27CE04DD008EC577 /* FirebaseInstallations.framework */ = {isa = PBXFileReference; lastKnownFileType = wrapper.framework; path = FirebaseInstallations.framework; sourceTree = "<group>"; };
		CE6BF9F727CE0CC4008EC577 /* GameSDK.xcodeproj */ = {isa = PBXFileReference; lastKnownFileType = "wrapper.pb-project"; name = GameSDK.xcodeproj; path = ../GameSDK_v0.0.4/GameSDK.xcodeproj; sourceTree = "<group>"; };
		CE78DDA1276846E900E24B54 /* GoogleDataTransport.framework */ = {isa = PBXFileReference; lastKnownFileType = wrapper.framework; path = GoogleDataTransport.framework; sourceTree = "<group>"; };
		CE78DDA3276846E900E24B54 /* GoogleAppMeasurement.framework */ = {isa = PBXFileReference; lastKnownFileType = wrapper.framework; path = GoogleAppMeasurement.framework; sourceTree = "<group>"; };
		CE78DDA4276846E900E24B54 /* GTMSessionFetcher.framework */ = {isa = PBXFileReference; lastKnownFileType = wrapper.framework; path = GTMSessionFetcher.framework; sourceTree = "<group>"; };
		CE78DDA5276846E900E24B54 /* GTMAppAuth.framework */ = {isa = PBXFileReference; lastKnownFileType = wrapper.framework; path = GTMAppAuth.framework; sourceTree = "<group>"; };
		CE78DDA6276846E900E24B54 /* FirebaseCore.framework */ = {isa = PBXFileReference; lastKnownFileType = wrapper.framework; path = FirebaseCore.framework; sourceTree = "<group>"; };
		CE78DDA7276846E900E24B54 /* AppAuth.framework */ = {isa = PBXFileReference; lastKnownFileType = wrapper.framework; path = AppAuth.framework; sourceTree = "<group>"; };
		CE78DDA8276846E900E24B54 /* FirebaseAnalytics.framework */ = {isa = PBXFileReference; lastKnownFileType = wrapper.framework; path = FirebaseAnalytics.framework; sourceTree = "<group>"; };
		CE78DDA9276846E900E24B54 /* Firebase.h */ = {isa = PBXFileReference; fileEncoding = 4; lastKnownFileType = sourcecode.c.h; path = Firebase.h; sourceTree = "<group>"; };
		CE78DDAA276846E900E24B54 /* GoogleUtilities.framework */ = {isa = PBXFileReference; lastKnownFileType = wrapper.framework; path = GoogleUtilities.framework; sourceTree = "<group>"; };
		CE78DDAB276846E900E24B54 /* FirebaseMessaging.framework */ = {isa = PBXFileReference; lastKnownFileType = wrapper.framework; path = FirebaseMessaging.framework; sourceTree = "<group>"; };
		CE78DDAC276846E900E24B54 /* PromisesObjC.framework */ = {isa = PBXFileReference; lastKnownFileType = wrapper.framework; path = PromisesObjC.framework; sourceTree = "<group>"; };
		CE78DDAD276846E900E24B54 /* GoogleSignIn.bundle */ = {isa = PBXFileReference; lastKnownFileType = "wrapper.plug-in"; path = GoogleSignIn.bundle; sourceTree = "<group>"; };
		CE78DDAE276846E900E24B54 /* nanopb.framework */ = {isa = PBXFileReference; lastKnownFileType = wrapper.framework; path = nanopb.framework; sourceTree = "<group>"; };
		CE78DDB0276846EA00E24B54 /* FirebaseInstallations.framework */ = {isa = PBXFileReference; lastKnownFileType = wrapper.framework; path = FirebaseInstallations.framework; sourceTree = "<group>"; };
		CE78DDB1276846EA00E24B54 /* GoogleSignIn.framework */ = {isa = PBXFileReference; lastKnownFileType = wrapper.framework; path = GoogleSignIn.framework; sourceTree = "<group>"; };
		CE78DDB2276846EA00E24B54 /* GoogleAppMeasurementIdentitySupport.framework */ = {isa = PBXFileReference; lastKnownFileType = wrapper.framework; path = GoogleAppMeasurementIdentitySupport.framework; sourceTree = "<group>"; };
		CE78DDB4276846EA00E24B54 /* FirebaseCoreDiagnostics.framework */ = {isa = PBXFileReference; lastKnownFileType = wrapper.framework; path = FirebaseCoreDiagnostics.framework; sourceTree = "<group>"; };
		CE78DDC92768470500E24B54 /* AppsFlyerLib.framework */ = {isa = PBXFileReference; lastKnownFileType = wrapper.framework; name = AppsFlyerLib.framework; path = "third-party/AppsFlyerLib.framework"; sourceTree = "<group>"; };
		CEDE6F1726A85C7F00075816 /* libGosuSDK.a */ = {isa = PBXFileReference; explicitFileType = archive.ar; path = libGosuSDK.a; sourceTree = BUILT_PRODUCTS_DIR; };
		CEE354F525B31CD00008F412 /* Accelerate.framework */ = {isa = PBXFileReference; lastKnownFileType = wrapper.framework; name = Accelerate.framework; path = System/Library/Frameworks/Accelerate.framework; sourceTree = SDKROOT; };
		CEF7BEBB25553C1200E22F64 /* TienKiemMobileDebug.entitlements */ = {isa = PBXFileReference; lastKnownFileType = text.plist.entitlements; path = TienKiemMobileDebug.entitlements; sourceTree = "<group>"; };
/* End PBXFileReference section */

/* Begin PBXFrameworksBuildPhase section */
		8A8334D521006C00007200B0 /* Frameworks */ = {
			isa = PBXFrameworksBuildPhase;
			buildActionMask = 2147483647;
			files = (
				CE6BF9D527CDFEFB008EC577 /* FBSDKCoreKit_Basics.framework in Frameworks */,
				CE78DDC2276846EA00E24B54 /* nanopb.framework in Frameworks */,
				CE78DDBC276846EA00E24B54 /* AppAuth.framework in Frameworks */,
				CE78DDC0276846EA00E24B54 /* PromisesObjC.framework in Frameworks */,
				CE6BF9EF27CE04DD008EC577 /* FirebaseAnalytics.framework in Frameworks */,
				CE78DDCA2768470500E24B54 /* AppsFlyerLib.framework in Frameworks */,
				CE78DDBB276846EA00E24B54 /* FirebaseCore.framework in Frameworks */,
				CE6BF9EE27CE04DD008EC577 /* FirebaseCoreDiagnostics.framework in Frameworks */,
				CE78DDBF276846EA00E24B54 /* FirebaseMessaging.framework in Frameworks */,
				CE78DDB9276846EA00E24B54 /* GTMSessionFetcher.framework in Frameworks */,
				CE6BF9F127CE04DD008EC577 /* FirebaseInstallations.framework in Frameworks */,
				8AB17D99239FCD6D0057AED5 /* AuthenticationServices.framework in Frameworks */,
				CE78DDB8276846EA00E24B54 /* GoogleAppMeasurement.framework in Frameworks */,
				CE6BF94A27CC85FA008EC577 /* libGameSDK.a in Frameworks */,
				CE6BF9D827CDFEFB008EC577 /* FBSDKLoginKit.framework in Frameworks */,
				8A9A52D0212D1C6D0097A25C /* MediaPlayer.framework in Frameworks */,
				CE6BF9D627CDFEFB008EC577 /* FBSDKShareKit.framework in Frameworks */,
				8A83352A21006DDA007200B0 /* MobileCoreServices.framework in Frameworks */,
				CE78DDC5276846EA00E24B54 /* GoogleSignIn.framework in Frameworks */,
				CE78DDBA276846EA00E24B54 /* GTMAppAuth.framework in Frameworks */,
				CE78DDB6276846EA00E24B54 /* GoogleDataTransport.framework in Frameworks */,
				8A83352821006DD4007200B0 /* SystemConfiguration.framework in Frameworks */,
				CE78DDC6276846EA00E24B54 /* GoogleAppMeasurementIdentitySupport.framework in Frameworks */,
				8A83352621006DCC007200B0 /* MessageUI.framework in Frameworks */,
				CE78DDBE276846EA00E24B54 /* GoogleUtilities.framework in Frameworks */,
				CE78DDC8276846EA00E24B54 /* FirebaseCoreDiagnostics.framework in Frameworks */,
				CE6BF9D427CDFEFB008EC577 /* FBSDKCoreKit.framework in Frameworks */,
				CE78DDBD276846EA00E24B54 /* FirebaseAnalytics.framework in Frameworks */,
				CE78DDC4276846EA00E24B54 /* FirebaseInstallations.framework in Frameworks */,
			);
			runOnlyForDeploymentPostprocessing = 0;
		};
/* End PBXFrameworksBuildPhase section */

/* Begin PBXGroup section */
		8A8334CF21006C00007200B0 = {
			isa = PBXGroup;
			children = (
				CE6BF9F727CE0CC4008EC577 /* GameSDK.xcodeproj */,
				8A8334DA21006C00007200B0 /* DemoSDK_AppStore */,
				8A83352221006DBE007200B0 /* Frameworks */,
				8A8334D921006C00007200B0 /* Products */,
			);
			sourceTree = "<group>";
		};
		8A8334D921006C00007200B0 /* Products */ = {
			isa = PBXGroup;
			children = (
				8A8334D821006C00007200B0 /* TienKiemMobile.app */,
			);
			name = Products;
			sourceTree = "<group>";
		};
		8A8334DA21006C00007200B0 /* DemoSDK_AppStore */ = {
			isa = PBXGroup;
			children = (
				CE32E676273EC246002C7816 /* GameSDK */,
				CEF7BEBB25553C1200E22F64 /* TienKiemMobileDebug.entitlements */,
				8A97A1BF233F03C20025F418 /* DemoSDK_AppStore.entitlements */,
				8A8334DB21006C00007200B0 /* AppDelegate.h */,
				8A8334DC21006C00007200B0 /* AppDelegate.m */,
				8A8334E421006C01007200B0 /* Assets.xcassets */,
				8A8334F621006CD2007200B0 /* Classess */,
				8A8334E921006C01007200B0 /* Info.plist */,
				8A5528C2211B324700F7E933 /* LaunchScreen.storyboard */,
				8A8334EA21006C01007200B0 /* main.m */,
				8A8334F121006CD2007200B0 /* Resources */,
			);
			path = DemoSDK_AppStore;
			sourceTree = "<group>";
		};
		8A8334F121006CD2007200B0 /* Resources */ = {
			isa = PBXGroup;
			children = (
				8A8334F221006CD2007200B0 /* GameInfo */,
				8A8334F421006CD2007200B0 /* Images */,
			);
			path = Resources;
			sourceTree = "<group>";
		};
		8A8334F221006CD2007200B0 /* GameInfo */ = {
			isa = PBXGroup;
			children = (
				CE2D707A2542CBE400499913 /* GoogleService-Info.plist */,
			);
			path = GameInfo;
			sourceTree = "<group>";
		};
		8A8334F421006CD2007200B0 /* Images */ = {
			isa = PBXGroup;
			children = (
				8A5528C4211B330000F7E933 /* ap_logo.png */,
				8A8334F521006CD2007200B0 /* bg.jpg */,
			);
			path = Images;
			sourceTree = "<group>";
		};
		8A8334F621006CD2007200B0 /* Classess */ = {
			isa = PBXGroup;
			children = (
				8A8334F721006CD2007200B0 /* Controller */,
			);
			path = Classess;
			sourceTree = "<group>";
		};
		8A8334F721006CD2007200B0 /* Controller */ = {
			isa = PBXGroup;
			children = (
				8A8334F821006CD2007200B0 /* MainViewController.h */,
				8A8334F921006CD2007200B0 /* MainViewController.m */,
				8A8334FA21006CD2007200B0 /* MainViewController.xib */,
			);
			path = Controller;
			sourceTree = "<group>";
		};
		8A83352221006DBE007200B0 /* Frameworks */ = {
			isa = PBXGroup;
			children = (
				CEE354F525B31CD00008F412 /* Accelerate.framework */,
				CEDE6F1726A85C7F00075816 /* libGosuSDK.a */,
				8AB17D98239FCD6D0057AED5 /* AuthenticationServices.framework */,
				8A9A52CF212D1C6D0097A25C /* MediaPlayer.framework */,
				8A83352521006DCC007200B0 /* MessageUI.framework */,
				8A83352921006DDA007200B0 /* MobileCoreServices.framework */,
				8A83352721006DD4007200B0 /* SystemConfiguration.framework */,
			);
			name = Frameworks;
			sourceTree = "<group>";
		};
		CE32E676273EC246002C7816 /* GameSDK */ = {
			isa = PBXGroup;
			children = (
				CE6BF93A27CC85FA008EC577 /* GameSDKResource.bundle */,
				CE6BF93B27CC85FA008EC577 /* include */,
				CE6BF94827CC85FA008EC577 /* libGameSDK.a */,
				CE78DDC92768470500E24B54 /* AppsFlyerLib.framework */,
				CE78DD9F276846E900E24B54 /* libs */,
			);
			path = GameSDK;
			sourceTree = "<group>";
		};
		CE6BF93B27CC85FA008EC577 /* include */ = {
			isa = PBXGroup;
			children = (
				CE6BF93C27CC85FA008EC577 /* GameSDK */,
			);
			name = include;
			path = "../../../../../../../../../../Library/Developer/Xcode/DerivedData/DemoSDK_AppStore-bfkazezjniwayggdizxewafkgvru/Build/Products/Debug-iphoneos/include";
			sourceTree = "<group>";
		};
		CE6BF93C27CC85FA008EC577 /* GameSDK */ = {
			isa = PBXGroup;
			children = (
				CE6BF93D27CC85FA008EC577 /* FirebaseManager.h */,
				CE6BF93E27CC85FA008EC577 /* GameSDK.h */,
				CE6BF93F27CC85FA008EC577 /* LoginDelegate.h */,
				CE6BF94027CC85FA008EC577 /* IdAppTracking.h */,
				CE6BF94127CC85FA008EC577 /* UserProfileResponse.h */,
				CE6BF94227CC85FA008EC577 /* IAPDataRequest.h */,
				CE6BF94327CC85FA008EC577 /* FacebookManager.h */,
				CE6BF94427CC85FA008EC577 /* GameInfo.h */,
				CE6BF94527CC85FA008EC577 /* AppsflyerManager.h */,
				CE6BF94627CC85FA008EC577 /* IAPDelegate.h */,
				CE6BF94727CC85FA008EC577 /* AppleIAP.h */,
			);
			path = GameSDK;
			sourceTree = "<group>";
		};
		CE6BF9F827CE0CC4008EC577 /* Products */ = {
			isa = PBXGroup;
			children = (
				CE6BF9FD27CE0CC4008EC577 /* libGameSDK.a */,
				CE6BF9FF27CE0CC4008EC577 /* GameSDKResource.bundle */,
			);
			name = Products;
			sourceTree = "<group>";
		};
		CE78DD9F276846E900E24B54 /* libs */ = {
			isa = PBXGroup;
			children = (
				CE6BF9EB27CE04DD008EC577 /* FirebaseAnalytics.framework */,
				CE6BF9EC27CE04DD008EC577 /* FirebaseCore.framework */,
				CE6BF9EA27CE04DC008EC577 /* FirebaseCoreDiagnostics.framework */,
				CE6BF9ED27CE04DD008EC577 /* FirebaseInstallations.framework */,
				CE6BF9D027CDFEFB008EC577 /* FBSDKCoreKit_Basics.framework */,
				CE6BF9CF27CDFEFB008EC577 /* FBSDKCoreKit.framework */,
				CE6BF9D327CDFEFB008EC577 /* FBSDKLoginKit.framework */,
				CE6BF9D127CDFEFB008EC577 /* FBSDKShareKit.framework */,
				CE78DDA1276846E900E24B54 /* GoogleDataTransport.framework */,
				CE78DDA3276846E900E24B54 /* GoogleAppMeasurement.framework */,
				CE78DDA4276846E900E24B54 /* GTMSessionFetcher.framework */,
				CE78DDA5276846E900E24B54 /* GTMAppAuth.framework */,
				CE78DDA6276846E900E24B54 /* FirebaseCore.framework */,
				CE78DDA7276846E900E24B54 /* AppAuth.framework */,
				CE78DDA8276846E900E24B54 /* FirebaseAnalytics.framework */,
				CE78DDA9276846E900E24B54 /* Firebase.h */,
				CE78DDAA276846E900E24B54 /* GoogleUtilities.framework */,
				CE78DDAB276846E900E24B54 /* FirebaseMessaging.framework */,
				CE78DDAC276846E900E24B54 /* PromisesObjC.framework */,
				CE78DDAD276846E900E24B54 /* GoogleSignIn.bundle */,
				CE78DDAE276846E900E24B54 /* nanopb.framework */,
				CE78DDB0276846EA00E24B54 /* FirebaseInstallations.framework */,
				CE78DDB1276846EA00E24B54 /* GoogleSignIn.framework */,
				CE78DDB2276846EA00E24B54 /* GoogleAppMeasurementIdentitySupport.framework */,
				CE78DDB4276846EA00E24B54 /* FirebaseCoreDiagnostics.framework */,
			);
			name = libs;
			path = "../../../../../../../../../../Library/Developer/Xcode/DerivedData/DemoSDK_AppStore-bfkazezjniwayggdizxewafkgvru/Build/Products/Debug-iphoneos/libs";
			sourceTree = "<group>";
		};
/* End PBXGroup section */

/* Begin PBXNativeTarget section */
		8A8334D721006C00007200B0 /* DemoSDK_AppStore */ = {
			isa = PBXNativeTarget;
			buildConfigurationList = 8A8334EE21006C01007200B0 /* Build configuration list for PBXNativeTarget "DemoSDK_AppStore" */;
			buildPhases = (
				8A8334D421006C00007200B0 /* Sources */,
				8A8334D521006C00007200B0 /* Frameworks */,
				8A8334D621006C00007200B0 /* Resources */,
				CE82110F26A7C17700729078 /* Embed Frameworks */,
			);
			buildRules = (
			);
			dependencies = (
			);
			name = DemoSDK_AppStore;
			productName = DemoSDK_AppStore;
			productReference = 8A8334D821006C00007200B0 /* TienKiemMobile.app */;
			productType = "com.apple.product-type.application";
		};
/* End PBXNativeTarget section */

/* Begin PBXProject section */
		8A8334D021006C00007200B0 /* Project object */ = {
			isa = PBXProject;
			attributes = {
				LastUpgradeCheck = 0940;
				ORGANIZATIONNAME = "Phan Phuoc Luong";
				TargetAttributes = {
					8A8334D721006C00007200B0 = {
						CreatedOnToolsVersion = 9.4;
						LastSwiftMigration = 1250;
					};
				};
			};
			buildConfigurationList = 8A8334D321006C00007200B0 /* Build configuration list for PBXProject "DemoSDK_AppStore" */;
			compatibilityVersion = "Xcode 9.3";
			developmentRegion = vi;
			hasScannedForEncodings = 0;
			knownRegions = (
				vi,
			);
			mainGroup = 8A8334CF21006C00007200B0;
			productRefGroup = 8A8334D921006C00007200B0 /* Products */;
			projectDirPath = "";
			projectReferences = (
				{
					ProductGroup = CE6BF9F827CE0CC4008EC577 /* Products */;
					ProjectRef = CE6BF9F727CE0CC4008EC577 /* GameSDK.xcodeproj */;
				},
			);
			projectRoot = "";
			targets = (
				8A8334D721006C00007200B0 /* DemoSDK_AppStore */,
			);
		};
/* End PBXProject section */

/* Begin PBXReferenceProxy section */
		CE6BF9FD27CE0CC4008EC577 /* libGameSDK.a */ = {
			isa = PBXReferenceProxy;
			fileType = archive.ar;
			path = libGameSDK.a;
			remoteRef = CE6BF9FC27CE0CC4008EC577 /* PBXContainerItemProxy */;
			sourceTree = BUILT_PRODUCTS_DIR;
		};
		CE6BF9FF27CE0CC4008EC577 /* GameSDKResource.bundle */ = {
			isa = PBXReferenceProxy;
			fileType = wrapper.cfbundle;
			path = GameSDKResource.bundle;
			remoteRef = CE6BF9FE27CE0CC4008EC577 /* PBXContainerItemProxy */;
			sourceTree = BUILT_PRODUCTS_DIR;
		};
/* End PBXReferenceProxy section */

/* Begin PBXResourcesBuildPhase section */
		8A8334D621006C00007200B0 /* Resources */ = {
			isa = PBXResourcesBuildPhase;
			buildActionMask = 2147483647;
			files = (
				CE78DDC1276846EA00E24B54 /* GoogleSignIn.bundle in Resources */,
				CE2D707B2542CBE400499913 /* GoogleService-Info.plist in Resources */,
				CE6BF94927CC85FA008EC577 /* GameSDKResource.bundle in Resources */,
				8A83351621006CD2007200B0 /* bg.jpg in Resources */,
				8A8334E521006C01007200B0 /* Assets.xcassets in Resources */,
				8A5528C3211B324700F7E933 /* LaunchScreen.storyboard in Resources */,
				8A5528C5211B330000F7E933 /* ap_logo.png in Resources */,
				8A83351821006CD2007200B0 /* MainViewController.xib in Resources */,
			);
			runOnlyForDeploymentPostprocessing = 0;
		};
/* End PBXResourcesBuildPhase section */

/* Begin PBXSourcesBuildPhase section */
		8A8334D421006C00007200B0 /* Sources */ = {
			isa = PBXSourcesBuildPhase;
			buildActionMask = 2147483647;
			files = (
				8A8334EB21006C01007200B0 /* main.m in Sources */,
				8A83351721006CD2007200B0 /* MainViewController.m in Sources */,
				8A8334DD21006C00007200B0 /* AppDelegate.m in Sources */,
			);
			runOnlyForDeploymentPostprocessing = 0;
		};
/* End PBXSourcesBuildPhase section */

/* Begin XCBuildConfiguration section */
		8A8334EC21006C01007200B0 /* Debug */ = {
			isa = XCBuildConfiguration;
			buildSettings = {
				ALWAYS_SEARCH_USER_PATHS = NO;
				CLANG_ANALYZER_NONNULL = YES;
				CLANG_ANALYZER_NUMBER_OBJECT_CONVERSION = YES_AGGRESSIVE;
				CLANG_CXX_LANGUAGE_STANDARD = "gnu++14";
				CLANG_CXX_LIBRARY = "libc++";
				CLANG_ENABLE_MODULES = YES;
				CLANG_ENABLE_OBJC_ARC = YES;
				CLANG_ENABLE_OBJC_WEAK = YES;
				CLANG_WARN_BLOCK_CAPTURE_AUTORELEASING = YES;
				CLANG_WARN_BOOL_CONVERSION = YES;
				CLANG_WARN_COMMA = YES;
				CLANG_WARN_CONSTANT_CONVERSION = YES;
				CLANG_WARN_DEPRECATED_OBJC_IMPLEMENTATIONS = YES;
				CLANG_WARN_DIRECT_OBJC_ISA_USAGE = YES_ERROR;
				CLANG_WARN_DOCUMENTATION_COMMENTS = YES;
				CLANG_WARN_EMPTY_BODY = YES;
				CLANG_WARN_ENUM_CONVERSION = YES;
				CLANG_WARN_INFINITE_RECURSION = YES;
				CLANG_WARN_INT_CONVERSION = YES;
				CLANG_WARN_NON_LITERAL_NULL_CONVERSION = YES;
				CLANG_WARN_OBJC_IMPLICIT_RETAIN_SELF = YES;
				CLANG_WARN_OBJC_LITERAL_CONVERSION = YES;
				CLANG_WARN_OBJC_ROOT_CLASS = YES_ERROR;
				CLANG_WARN_RANGE_LOOP_ANALYSIS = YES;
				CLANG_WARN_STRICT_PROTOTYPES = YES;
				CLANG_WARN_SUSPICIOUS_MOVE = YES;
				CLANG_WARN_UNGUARDED_AVAILABILITY = YES_AGGRESSIVE;
				CLANG_WARN_UNREACHABLE_CODE = YES;
				CLANG_WARN__DUPLICATE_METHOD_MATCH = YES;
				CODE_SIGNING_REQUIRED = NO;
				CODE_SIGN_IDENTITY = "Apple Development: Thi Deo Nguyen (PYQGR896H2)";
				CODE_SIGN_STYLE = Manual;
				COPY_PHASE_STRIP = NO;
				DEBUG_INFORMATION_FORMAT = dwarf;
				DEVELOPMENT_TEAM = TX8U89X44Q;
				ENABLE_STRICT_OBJC_MSGSEND = YES;
				ENABLE_TESTABILITY = YES;
				GCC_C_LANGUAGE_STANDARD = gnu11;
				GCC_DYNAMIC_NO_PIC = NO;
				GCC_NO_COMMON_BLOCKS = YES;
				GCC_OPTIMIZATION_LEVEL = 0;
				GCC_PREPROCESSOR_DEFINITIONS = (
					"DEBUG=1",
					"$(inherited)",
				);
				GCC_WARN_64_TO_32_BIT_CONVERSION = YES;
				GCC_WARN_ABOUT_RETURN_TYPE = YES_ERROR;
				GCC_WARN_UNDECLARED_SELECTOR = YES;
				GCC_WARN_UNINITIALIZED_AUTOS = YES_AGGRESSIVE;
				GCC_WARN_UNUSED_FUNCTION = YES;
				GCC_WARN_UNUSED_VARIABLE = YES;
				IPHONEOS_DEPLOYMENT_TARGET = 8.0;
				MTL_ENABLE_DEBUG_INFO = YES;
				ONLY_ACTIVE_ARCH = YES;
				PROVISIONING_PROFILE = "cc3de4b7-fd8d-4311-8266-a8170999d557";
				SDKROOT = iphoneos;
			};
			name = Debug;
		};
		8A8334ED21006C01007200B0 /* Release */ = {
			isa = XCBuildConfiguration;
			buildSettings = {
				ALWAYS_SEARCH_USER_PATHS = NO;
				CLANG_ANALYZER_NONNULL = YES;
				CLANG_ANALYZER_NUMBER_OBJECT_CONVERSION = YES_AGGRESSIVE;
				CLANG_CXX_LANGUAGE_STANDARD = "gnu++14";
				CLANG_CXX_LIBRARY = "libc++";
				CLANG_ENABLE_MODULES = YES;
				CLANG_ENABLE_OBJC_ARC = YES;
				CLANG_ENABLE_OBJC_WEAK = YES;
				CLANG_WARN_BLOCK_CAPTURE_AUTORELEASING = YES;
				CLANG_WARN_BOOL_CONVERSION = YES;
				CLANG_WARN_COMMA = YES;
				CLANG_WARN_CONSTANT_CONVERSION = YES;
				CLANG_WARN_DEPRECATED_OBJC_IMPLEMENTATIONS = YES;
				CLANG_WARN_DIRECT_OBJC_ISA_USAGE = YES_ERROR;
				CLANG_WARN_DOCUMENTATION_COMMENTS = YES;
				CLANG_WARN_EMPTY_BODY = YES;
				CLANG_WARN_ENUM_CONVERSION = YES;
				CLANG_WARN_INFINITE_RECURSION = YES;
				CLANG_WARN_INT_CONVERSION = YES;
				CLANG_WARN_NON_LITERAL_NULL_CONVERSION = YES;
				CLANG_WARN_OBJC_IMPLICIT_RETAIN_SELF = YES;
				CLANG_WARN_OBJC_LITERAL_CONVERSION = YES;
				CLANG_WARN_OBJC_ROOT_CLASS = YES_ERROR;
				CLANG_WARN_RANGE_LOOP_ANALYSIS = YES;
				CLANG_WARN_STRICT_PROTOTYPES = YES;
				CLANG_WARN_SUSPICIOUS_MOVE = YES;
				CLANG_WARN_UNGUARDED_AVAILABILITY = YES_AGGRESSIVE;
				CLANG_WARN_UNREACHABLE_CODE = YES;
				CLANG_WARN__DUPLICATE_METHOD_MATCH = YES;
				CODE_SIGNING_REQUIRED = NO;
				CODE_SIGN_IDENTITY = "iPhone Distribution: DUO ONLINE CORPORATION (5BA4MALA2M)";
				CODE_SIGN_STYLE = Manual;
				COPY_PHASE_STRIP = NO;
				DEBUG_INFORMATION_FORMAT = "dwarf-with-dsym";
				DEVELOPMENT_TEAM = TX8U89X44Q;
				ENABLE_NS_ASSERTIONS = NO;
				ENABLE_STRICT_OBJC_MSGSEND = YES;
				GCC_C_LANGUAGE_STANDARD = gnu11;
				GCC_NO_COMMON_BLOCKS = YES;
				GCC_WARN_64_TO_32_BIT_CONVERSION = YES;
				GCC_WARN_ABOUT_RETURN_TYPE = YES_ERROR;
				GCC_WARN_UNDECLARED_SELECTOR = YES;
				GCC_WARN_UNINITIALIZED_AUTOS = YES_AGGRESSIVE;
				GCC_WARN_UNUSED_FUNCTION = YES;
				GCC_WARN_UNUSED_VARIABLE = YES;
				IPHONEOS_DEPLOYMENT_TARGET = 8.0;
				MTL_ENABLE_DEBUG_INFO = NO;
				PROVISIONING_PROFILE = "de127cf1-f1a3-4921-bbc4-77803ee832da";
				SDKROOT = iphoneos;
				VALIDATE_PRODUCT = YES;
			};
			name = Release;
		};
		8A8334EF21006C01007200B0 /* Debug */ = {
			isa = XCBuildConfiguration;
			buildSettings = {
				ASSETCATALOG_COMPILER_APPICON_NAME = AppIcon;
				CLANG_ENABLE_MODULES = YES;
				CODE_SIGNING_REQUIRED = "";
				CODE_SIGN_ENTITLEMENTS = DemoSDK_AppStore/TienKiemMobileDebug.entitlements;
				CODE_SIGN_IDENTITY = "Apple Development: Thi Deo Nguyen (PYQGR896H2)";
				CODE_SIGN_STYLE = Manual;
				CURRENT_PROJECT_VERSION = 1;
				DEVELOPMENT_TEAM = LGBVJF5AL4;
				ENABLE_BITCODE = NO;
				FRAMEWORK_SEARCH_PATHS = (
					"$(inherited)",
					"$(PROJECT_DIR)/DemoSDK_AppStore/SDK_Lib/include/GosuSDK/FacebookSDK",
					"$(PROJECT_DIR)/DemoSDK_AppStore/SDK_Lib/include/GosuSDK/FirebaseSDK",
					"$(PROJECT_DIR)/DemoSDK_AppStore/SDK_Lib/include/GosuSDK",
					"$(BUILD_DIR)/Debug-iphoneos/include/GosuSDK",
					"$(BUILD_DIR)/Debug-iphoneos/include/GosuSDK/FirebaseSDK",
					"$(BUILD_DIR)/Debug-iphoneos/include/GosuSDK/FacebookSDK",
					"$(PROJECT_DIR)/DemoSDK_AppStore/GameSDK",
					"$(PROJECT_DIR)/DemoSDK_AppStore/GameSDK/third-party",
				);
				HEADER_SEARCH_PATHS = (
					"$(BUILD_DIR)/Debug-iphoneos/include/GameSDK",
					"$(PROJECT_DIR)/DemoSDK_AppStore/GameSDK",
				);
				INFOPLIST_FILE = DemoSDK_AppStore/Info.plist;
				IPHONEOS_DEPLOYMENT_TARGET = 8.0;
				LD_RUNPATH_SEARCH_PATHS = (
					"$(inherited)",
					"@executable_path/Frameworks",
					"@loader_path/Frameworks",
				);
				LIBRARY_SEARCH_PATHS = (
					"$(BUILD_DIR)/Debug-iphoneos/",
					"$(BUILD_DIR)/Debug-iphoneos/include/GameSDK",
					"$(PROJECT_DIR)/DemoSDK_AppStore/GameSDK",
				);
				MARKETING_VERSION = 0.0.2;
				ONLY_ACTIVE_ARCH = YES;
				OTHER_LDFLAGS = (
					"-ObjC",
					"-lc++",
					"-lz",
				);
				PRODUCT_BUNDLE_IDENTIFIER = vn.lmbaoboi.gg;
				PRODUCT_NAME = TienKiemMobile;
				PROVISIONING_PROFILE = "";
				PROVISIONING_PROFILE_SPECIFIER = LMBB_DEV_1;
				SWIFT_OBJC_BRIDGING_HEADER = "";
				SWIFT_OPTIMIZATION_LEVEL = "-Onone";
				SWIFT_VERSION = 5.0;
				TARGETED_DEVICE_FAMILY = "1,2";
				USER_HEADER_SEARCH_PATHS = "";
			};
			name = Debug;
		};
		8A8334F021006C01007200B0 /* Release */ = {
			isa = XCBuildConfiguration;
			buildSettings = {
				ASSETCATALOG_COMPILER_APPICON_NAME = AppIcon;
				CLANG_ENABLE_MODULES = YES;
				CODE_SIGNING_REQUIRED = "";
				CODE_SIGN_ENTITLEMENTS = DemoSDK_AppStore/DemoSDK_AppStore.entitlements;
				CODE_SIGN_IDENTITY = "iPhone Distribution: DUO ONLINE CORPORATION (5BA4MALA2M)";
				CODE_SIGN_STYLE = Manual;
				CURRENT_PROJECT_VERSION = 1;
				DEVELOPMENT_TEAM = 5BA4MALA2M;
				ENABLE_BITCODE = NO;
				FRAMEWORK_SEARCH_PATHS = (
					"$(inherited)",
					"$(PROJECT_DIR)/DemoSDK_AppStore/SDK_Lib/include/GosuSDK/FacebookSDK",
					"$(PROJECT_DIR)/DemoSDK_AppStore/SDK_Lib/include/GosuSDK/FirebaseSDK",
					"$(PROJECT_DIR)/DemoSDK_AppStore/SDK_Lib/include/GosuSDK",
					"$(BUILD_DIR)/Debug-iphoneos/include/GosuSDK",
					"$(BUILD_DIR)/Debug-iphoneos/include/GosuSDK/FirebaseSDK",
					"$(BUILD_DIR)/Debug-iphoneos/include/GosuSDK/FacebookSDK",
					"$(PROJECT_DIR)/DemoSDK_AppStore/GameSDK",
					"$(PROJECT_DIR)/DemoSDK_AppStore/GameSDK/third-party",
				);
				HEADER_SEARCH_PATHS = (
					"$(BUILD_DIR)/Debug-iphoneos/include/GameSDK",
					"$(PROJECT_DIR)/DemoSDK_AppStore/GameSDK",
				);
				INFOPLIST_FILE = DemoSDK_AppStore/Info.plist;
				IPHONEOS_DEPLOYMENT_TARGET = 8.0;
				LD_RUNPATH_SEARCH_PATHS = (
					"$(inherited)",
					"@executable_path/Frameworks",
					"@loader_path/Frameworks",
				);
				LIBRARY_SEARCH_PATHS = (
					"$(inherited)",
					"$(PROJECT_DIR)/DemoSDK_AppStore/SDK_Lib",
					"$(PROJECT_DIR)/DemoSDK_AppStore/SDK_Lib/include",
					"$(PROJECT_DIR)/SDK_Lib",
					"$(PROJECT_DIR)/DemoSDK_AppStore",
					"$(PROJECT_DIR)/DemoSDK_AppStore/GosuSDK",
					"$(PROJECT_DIR)/DemoSDK_AppStore/SDK_LIB",
					"$(BUILD_DIR)/Debug-iphoneos/",
					"$(PROJECT_DIR)/DemoSDK_AppStore/include/GosuSDK",
					"$(PROJECT_DIR)",
					"$(PROJECT_DIR)/DemoSDK_AppStore/GameSDK",
				);
				MARKETING_VERSION = 0.0.2;
				ONLY_ACTIVE_ARCH = YES;
				OTHER_LDFLAGS = (
					"-ObjC",
					"-lc++",
					"-lz",
				);
				PRODUCT_BUNDLE_IDENTIFIER = vn.duo.m356;
				PRODUCT_NAME = TienKiemMobile;
				PROVISIONING_PROFILE = "";
				PROVISIONING_PROFILE_SPECIFIER = digi_dis_new;
				SWIFT_OBJC_BRIDGING_HEADER = "";
				SWIFT_VERSION = 5.0;
				TARGETED_DEVICE_FAMILY = "1,2";
				USER_HEADER_SEARCH_PATHS = "";
			};
			name = Release;
		};
		CE6BF9E627CE0331008EC577 /* Debug_lmbaoboi */ = {
			isa = XCBuildConfiguration;
			buildSettings = {
				ALWAYS_SEARCH_USER_PATHS = NO;
				CLANG_ANALYZER_NONNULL = YES;
				CLANG_ANALYZER_NUMBER_OBJECT_CONVERSION = YES_AGGRESSIVE;
				CLANG_CXX_LANGUAGE_STANDARD = "gnu++14";
				CLANG_CXX_LIBRARY = "libc++";
				CLANG_ENABLE_MODULES = YES;
				CLANG_ENABLE_OBJC_ARC = YES;
				CLANG_ENABLE_OBJC_WEAK = YES;
				CLANG_WARN_BLOCK_CAPTURE_AUTORELEASING = YES;
				CLANG_WARN_BOOL_CONVERSION = YES;
				CLANG_WARN_COMMA = YES;
				CLANG_WARN_CONSTANT_CONVERSION = YES;
				CLANG_WARN_DEPRECATED_OBJC_IMPLEMENTATIONS = YES;
				CLANG_WARN_DIRECT_OBJC_ISA_USAGE = YES_ERROR;
				CLANG_WARN_DOCUMENTATION_COMMENTS = YES;
				CLANG_WARN_EMPTY_BODY = YES;
				CLANG_WARN_ENUM_CONVERSION = YES;
				CLANG_WARN_INFINITE_RECURSION = YES;
				CLANG_WARN_INT_CONVERSION = YES;
				CLANG_WARN_NON_LITERAL_NULL_CONVERSION = YES;
				CLANG_WARN_OBJC_IMPLICIT_RETAIN_SELF = YES;
				CLANG_WARN_OBJC_LITERAL_CONVERSION = YES;
				CLANG_WARN_OBJC_ROOT_CLASS = YES_ERROR;
				CLANG_WARN_RANGE_LOOP_ANALYSIS = YES;
				CLANG_WARN_STRICT_PROTOTYPES = YES;
				CLANG_WARN_SUSPICIOUS_MOVE = YES;
				CLANG_WARN_UNGUARDED_AVAILABILITY = YES_AGGRESSIVE;
				CLANG_WARN_UNREACHABLE_CODE = YES;
				CLANG_WARN__DUPLICATE_METHOD_MATCH = YES;
				CODE_SIGNING_REQUIRED = NO;
				CODE_SIGN_IDENTITY = "iPhone Developer";
				CODE_SIGN_STYLE = Manual;
				COPY_PHASE_STRIP = NO;
				DEBUG_INFORMATION_FORMAT = dwarf;
				DEVELOPMENT_TEAM = TX8U89X44Q;
				ENABLE_STRICT_OBJC_MSGSEND = YES;
				ENABLE_TESTABILITY = YES;
				GCC_C_LANGUAGE_STANDARD = gnu11;
				GCC_DYNAMIC_NO_PIC = NO;
				GCC_NO_COMMON_BLOCKS = YES;
				GCC_OPTIMIZATION_LEVEL = 0;
				GCC_PREPROCESSOR_DEFINITIONS = (
					"DEBUG=1",
					"$(inherited)",
				);
				GCC_WARN_64_TO_32_BIT_CONVERSION = YES;
				GCC_WARN_ABOUT_RETURN_TYPE = YES_ERROR;
				GCC_WARN_UNDECLARED_SELECTOR = YES;
				GCC_WARN_UNINITIALIZED_AUTOS = YES_AGGRESSIVE;
				GCC_WARN_UNUSED_FUNCTION = YES;
				GCC_WARN_UNUSED_VARIABLE = YES;
				IPHONEOS_DEPLOYMENT_TARGET = 8.0;
				MTL_ENABLE_DEBUG_INFO = YES;
				ONLY_ACTIVE_ARCH = YES;
				PROVISIONING_PROFILE = "cc3de4b7-fd8d-4311-8266-a8170999d557";
				SDKROOT = iphoneos;
			};
			name = Debug_lmbaoboi;
		};
		CE6BF9E727CE0331008EC577 /* Debug_lmbaoboi */ = {
			isa = XCBuildConfiguration;
			buildSettings = {
				ASSETCATALOG_COMPILER_APPICON_NAME = AppIcon;
				CLANG_ENABLE_MODULES = YES;
				CODE_SIGNING_REQUIRED = "";
				CODE_SIGN_ENTITLEMENTS = DemoSDK_AppStore/TienKiemMobileDebug.entitlements;
				CODE_SIGN_IDENTITY = "iPhone Developer";
				CODE_SIGN_STYLE = Manual;
				CURRENT_PROJECT_VERSION = 1;
				DEVELOPMENT_TEAM = TX8U89X44Q;
				ENABLE_BITCODE = NO;
				FRAMEWORK_SEARCH_PATHS = (
					"$(inherited)",
					"$(PROJECT_DIR)/DemoSDK_AppStore/SDK_Lib/include/GosuSDK/FacebookSDK",
					"$(PROJECT_DIR)/DemoSDK_AppStore/SDK_Lib/include/GosuSDK/FirebaseSDK",
					"$(PROJECT_DIR)/DemoSDK_AppStore/SDK_Lib/include/GosuSDK",
					"$(BUILD_DIR)/Debug-iphoneos/include/GosuSDK",
					"$(BUILD_DIR)/Debug-iphoneos/include/GosuSDK/FirebaseSDK",
					"$(BUILD_DIR)/Debug-iphoneos/include/GosuSDK/FacebookSDK",
					"$(PROJECT_DIR)/DemoSDK_AppStore/GameSDK",
					"$(PROJECT_DIR)/DemoSDK_AppStore/GameSDK/third-party",
				);
				HEADER_SEARCH_PATHS = (
					"$(BUILD_DIR)/Debug-iphoneos/include/GameSDK",
					"$(PROJECT_DIR)/DemoSDK_AppStore/GameSDK",
				);
				INFOPLIST_FILE = DemoSDK_AppStore/Info.plist;
				IPHONEOS_DEPLOYMENT_TARGET = 8.0;
				LD_RUNPATH_SEARCH_PATHS = (
					"$(inherited)",
					"@executable_path/Frameworks",
					"@loader_path/Frameworks",
				);
				LIBRARY_SEARCH_PATHS = (
					"$(BUILD_DIR)/Debug-iphoneos/",
					"$(BUILD_DIR)/Debug-iphoneos/include/GameSDK",
					"$(PROJECT_DIR)/DemoSDK_AppStore/GameSDK",
				);
				MARKETING_VERSION = 0.0.2;
				ONLY_ACTIVE_ARCH = YES;
				OTHER_LDFLAGS = (
					"-ObjC",
					"-lc++",
					"-lz",
				);
				PRODUCT_BUNDLE_IDENTIFIER = vn.gosu.tkts;
				PRODUCT_NAME = TienKiemMobile;
				PROVISIONING_PROFILE = "";
				PROVISIONING_PROFILE_SPECIFIER = gamesdk.test.tkts;
				SWIFT_OBJC_BRIDGING_HEADER = "";
				SWIFT_OPTIMIZATION_LEVEL = "-Onone";
				SWIFT_VERSION = 5.0;
				TARGETED_DEVICE_FAMILY = "1,2";
				USER_HEADER_SEARCH_PATHS = "";
			};
			name = Debug_lmbaoboi;
		};
/* End XCBuildConfiguration section */

/* Begin XCConfigurationList section */
		8A8334D321006C00007200B0 /* Build configuration list for PBXProject "DemoSDK_AppStore" */ = {
			isa = XCConfigurationList;
			buildConfigurations = (
				8A8334EC21006C01007200B0 /* Debug */,
				CE6BF9E627CE0331008EC577 /* Debug_lmbaoboi */,
				8A8334ED21006C01007200B0 /* Release */,
			);
			defaultConfigurationIsVisible = 0;
			defaultConfigurationName = Debug;
		};
		8A8334EE21006C01007200B0 /* Build configuration list for PBXNativeTarget "DemoSDK_AppStore" */ = {
			isa = XCConfigurationList;
			buildConfigurations = (
				8A8334EF21006C01007200B0 /* Debug */,
				CE6BF9E727CE0331008EC577 /* Debug_lmbaoboi */,
				8A8334F021006C01007200B0 /* Release */,
			);
			defaultConfigurationIsVisible = 0;
			defaultConfigurationName = Debug;
		};
/* End XCConfigurationList section */
	};
	rootObject = 8A8334D021006C00007200B0 /* Project object */;
}
